
Microsoft Visual Studio Solution File, Format Version 12.00
# Visual Studio Version 17
VisualStudioVersion = 17.3.32922.545
MinimumVisualStudioVersion = 10.0.40219.1
Project("{F184B08F-C81C-45F6-A57F-5ABD9991F28F}") = "ActivityGame", "ActivityGame\ActivityGame.vbproj", "{B208953F-AE1B-44CC-A735-704D6AFFF3BA}"
EndProject
Global
	GlobalSection(SolutionConfigurationPlatforms) = preSolution
		Debug|Any CPU = Debug|Any CPU
		Release|Any CPU = Release|Any CPU
	EndGlobalSection
	GlobalSection(ProjectConfigurationPlatforms) = postSolution
		{B208953F-AE1B-44CC-A735-704D6AFFF3BA}.Debug|Any CPU.ActiveCfg = Debug|Any CPU
		{B208953F-AE1B-44CC-A735-704D6AFFF3BA}.Debug|Any CPU.Build.0 = Debug|Any CPU
		{B208953F-AE1B-44CC-A735-704D6AFFF3BA}.Release|Any CPU.ActiveCfg = Release|Any CPU
		{B208953F-AE1B-44CC-A735-704D6AFFF3BA}.Release|Any CPU.Build.0 = Release|Any CPU
	EndGlobalSection
	GlobalSection(SolutionProperties) = preSolution
		HideSolutionNode = FALSE
	EndGlobalSection
	GlobalSection(ExtensibilityGlobals) = postSolution
		SolutionGuid = {175A984C-A289-42E7-AD26-06AE2962C1E9}
	EndGlobalSection
EndGlobal
